Microsoft Visual Studio Solution File, Format Version 12.00
# Visual Studio Version 17
VisualStudioVersion = 17.5.2.0
MinimumVisualStudioVersion = 10.0.40219.1
Project("{FAE04EC0-301F-11D3-BF4B-00C04F79EFBC}") = "MyFirstAPI", "MyFirstAPI.csproj", "{45F75552-7C1B-A03B-D43B-1129F270063E}"
EndProject
Project("{2150E333-8FDC-42A3-9474-1A3956D46DE8}") = "Controllers", "Controllers", "{5EA91356-ADD3-E49C-8999-B3E5F28C0735}"
EndProject
Global
	GlobalSection(SolutionConfigurationPlatforms) = preSolution
		Debug|Any CPU = Debug|Any CPU
		Release|Any CPU = Release|Any CPU
	EndGlobalSection
	GlobalSection(ProjectConfigurationPlatforms) = postSolution
		{45F75552-7C1B-A03B-D43B-1129F270063E}.Debug|Any CPU.ActiveCfg = Debug|Any CPU
		{45F75552-7C1B-A03B-D43B-1129F270063E}.Debug|Any CPU.Build.0 = Debug|Any CPU
		{45F75552-7C1B-A03B-D43B-1129F270063E}.Release|Any CPU.ActiveCfg = Release|Any CPU
		{45F75552-7C1B-A03B-D43B-1129F270063E}.Release|Any CPU.Build.0 = Release|Any CPU
	EndGlobalSection
	GlobalSection(SolutionProperties) = preSolution
		HideSolutionNode = FALSE
	EndGlobalSection
	GlobalSection(ExtensibilityGlobals) = postSolution
		SolutionGuid = {F45433C0-F4F8-4EA3-A1F8-09D3EA081457}
	EndGlobalSection
EndGlobal
